<?xml version="1.0" encoding="UTF-8"?>
<CodeBlocks_project_file>
	<FileVersion major="1" minor="6"/>
	<Project>
		<Option title="lib_kdtree"/>
		<Option makefile_is_custom="1"/>
		<Option compiler="gcc"/>
		<Option virtualFolders="CMake Files\;CMake Files\lib_kdtree\;"/>
		<Build>
			<Target title="all">
				<Option working_dir="C:/Users/aurel/Desktop/Cmake_test/FUSE2/lib_kdtree"/>
				<Option type="4"/>
				<MakeCommands>
					<Build command="C:/PROGRA~1/MINGW-~1/X86_64~1.0-P/mingw64/bin/mingw32-make.exe -f &quot;C:/Users/aurel/Desktop/Cmake_test/FUSE2/lib_kdtree/Makefile&quot;  VERBOSE=1 all"/>
					<CompileFile command="C:/PROGRA~1/MINGW-~1/X86_64~1.0-P/mingw64/bin/mingw32-make.exe -f &quot;C:/Users/aurel/Desktop/Cmake_test/FUSE2/lib_kdtree/Makefile&quot;  VERBOSE=1 &quot;$file&quot;"/>
					<Clean command="C:/PROGRA~1/MINGW-~1/X86_64~1.0-P/mingw64/bin/mingw32-make.exe -f &quot;C:/Users/aurel/Desktop/Cmake_test/FUSE2/lib_kdtree/Makefile&quot;  VERBOSE=1 clean"/>
					<DistClean command="C:/PROGRA~1/MINGW-~1/X86_64~1.0-P/mingw64/bin/mingw32-make.exe -f &quot;C:/Users/aurel/Desktop/Cmake_test/FUSE2/lib_kdtree/Makefile&quot;  VERBOSE=1 clean"/>
				</MakeCommands>
			</Target>
			<Target title="kdtree">
				<Option output="C:/Users/aurel/Desktop/Cmake_test/FUSE2/lib_kdtree/libkdtree.a" prefix_auto="0" extension_auto="0"/>
				<Option working_dir="C:/Users/aurel/Desktop/Cmake_test/FUSE2/lib_kdtree"/>
				<Option object_output="./"/>
				<Option type="2"/>
				<Option compiler="gcc"/>
				<Compiler>
					<Add directory="C:/Program Files/mingw-w64/x86_64-7.3.0-posix-seh-rt_v5-rev0/mingw64/bin/../lib/gcc/x86_64-w64-mingw32/7.3.0/include/c++"/>
					<Add directory="C:/Program Files/mingw-w64/x86_64-7.3.0-posix-seh-rt_v5-rev0/mingw64/bin/../lib/gcc/x86_64-w64-mingw32/7.3.0/include/c++/x86_64-w64-mingw32"/>
					<Add directory="C:/Program Files/mingw-w64/x86_64-7.3.0-posix-seh-rt_v5-rev0/mingw64/bin/../lib/gcc/x86_64-w64-mingw32/7.3.0/include/c++/backward"/>
					<Add directory="C:/Program Files/mingw-w64/x86_64-7.3.0-posix-seh-rt_v5-rev0/mingw64/bin/../lib/gcc/x86_64-w64-mingw32/7.3.0/include"/>
					<Add directory="C:/Program Files/mingw-w64/x86_64-7.3.0-posix-seh-rt_v5-rev0/mingw64/bin/../lib/gcc/x86_64-w64-mingw32/7.3.0/include-fixed"/>
					<Add directory="C:/Program Files/mingw-w64/x86_64-7.3.0-posix-seh-rt_v5-rev0/mingw64/bin/../lib/gcc/x86_64-w64-mingw32/7.3.0/../../../../x86_64-w64-mingw32/include"/>
				</Compiler>
				<MakeCommands>
					<Build command="C:/PROGRA~1/MINGW-~1/X86_64~1.0-P/mingw64/bin/mingw32-make.exe -f &quot;C:/Users/aurel/Desktop/Cmake_test/FUSE2/lib_kdtree/Makefile&quot;  VERBOSE=1 kdtree"/>
					<CompileFile command="C:/PROGRA~1/MINGW-~1/X86_64~1.0-P/mingw64/bin/mingw32-make.exe -f &quot;C:/Users/aurel/Desktop/Cmake_test/FUSE2/lib_kdtree/Makefile&quot;  VERBOSE=1 &quot;$file&quot;"/>
					<Clean command="C:/PROGRA~1/MINGW-~1/X86_64~1.0-P/mingw64/bin/mingw32-make.exe -f &quot;C:/Users/aurel/Desktop/Cmake_test/FUSE2/lib_kdtree/Makefile&quot;  VERBOSE=1 clean"/>
					<DistClean command="C:/PROGRA~1/MINGW-~1/X86_64~1.0-P/mingw64/bin/mingw32-make.exe -f &quot;C:/Users/aurel/Desktop/Cmake_test/FUSE2/lib_kdtree/Makefile&quot;  VERBOSE=1 clean"/>
				</MakeCommands>
			</Target>
			<Target title="kdtree/fast">
				<Option output="C:/Users/aurel/Desktop/Cmake_test/FUSE2/lib_kdtree/libkdtree.a" prefix_auto="0" extension_auto="0"/>
				<Option working_dir="C:/Users/aurel/Desktop/Cmake_test/FUSE2/lib_kdtree"/>
				<Option object_output="./"/>
				<Option type="2"/>
				<Option compiler="gcc"/>
				<Compiler>
					<Add directory="C:/Program Files/mingw-w64/x86_64-7.3.0-posix-seh-rt_v5-rev0/mingw64/bin/../lib/gcc/x86_64-w64-mingw32/7.3.0/include/c++"/>
					<Add directory="C:/Program Files/mingw-w64/x86_64-7.3.0-posix-seh-rt_v5-rev0/mingw64/bin/../lib/gcc/x86_64-w64-mingw32/7.3.0/include/c++/x86_64-w64-mingw32"/>
					<Add directory="C:/Program Files/mingw-w64/x86_64-7.3.0-posix-seh-rt_v5-rev0/mingw64/bin/../lib/gcc/x86_64-w64-mingw32/7.3.0/include/c++/backward"/>
					<Add directory="C:/Program Files/mingw-w64/x86_64-7.3.0-posix-seh-rt_v5-rev0/mingw64/bin/../lib/gcc/x86_64-w64-mingw32/7.3.0/include"/>
					<Add directory="C:/Program Files/mingw-w64/x86_64-7.3.0-posix-seh-rt_v5-rev0/mingw64/bin/../lib/gcc/x86_64-w64-mingw32/7.3.0/include-fixed"/>
					<Add directory="C:/Program Files/mingw-w64/x86_64-7.3.0-posix-seh-rt_v5-rev0/mingw64/bin/../lib/gcc/x86_64-w64-mingw32/7.3.0/../../../../x86_64-w64-mingw32/include"/>
				</Compiler>
				<MakeCommands>
					<Build command="C:/PROGRA~1/MINGW-~1/X86_64~1.0-P/mingw64/bin/mingw32-make.exe -f &quot;C:/Users/aurel/Desktop/Cmake_test/FUSE2/lib_kdtree/Makefile&quot;  VERBOSE=1 kdtree/fast"/>
					<CompileFile command="C:/PROGRA~1/MINGW-~1/X86_64~1.0-P/mingw64/bin/mingw32-make.exe -f &quot;C:/Users/aurel/Desktop/Cmake_test/FUSE2/lib_kdtree/Makefile&quot;  VERBOSE=1 &quot;$file&quot;"/>
					<Clean command="C:/PROGRA~1/MINGW-~1/X86_64~1.0-P/mingw64/bin/mingw32-make.exe -f &quot;C:/Users/aurel/Desktop/Cmake_test/FUSE2/lib_kdtree/Makefile&quot;  VERBOSE=1 clean"/>
					<DistClean command="C:/PROGRA~1/MINGW-~1/X86_64~1.0-P/mingw64/bin/mingw32-make.exe -f &quot;C:/Users/aurel/Desktop/Cmake_test/FUSE2/lib_kdtree/Makefile&quot;  VERBOSE=1 clean"/>
				</MakeCommands>
			</Target>
		</Build>
		<Unit filename="C:/Users/aurel/Desktop/Cmake_test/FUSE2/lib_kdtree/alglibinternal.cpp">
			<Option target="kdtree"/>
		</Unit>
		<Unit filename="C:/Users/aurel/Desktop/Cmake_test/FUSE2/lib_kdtree/alglibinternal.h">
			<Option target="kdtree"/>
		</Unit>
		<Unit filename="C:/Users/aurel/Desktop/Cmake_test/FUSE2/lib_kdtree/alglibmisc.cpp">
			<Option target="kdtree"/>
		</Unit>
		<Unit filename="C:/Users/aurel/Desktop/Cmake_test/FUSE2/lib_kdtree/alglibmisc.h">
			<Option target="kdtree"/>
		</Unit>
		<Unit filename="C:/Users/aurel/Desktop/Cmake_test/FUSE2/lib_kdtree/ap.cpp">
			<Option target="kdtree"/>
		</Unit>
		<Unit filename="C:/Users/aurel/Desktop/Cmake_test/FUSE2/lib_kdtree/ap.h">
			<Option target="kdtree"/>
		</Unit>
		<Unit filename="C:/Users/aurel/Desktop/Cmake_test/FUSE2/lib_kdtree/dataanalysis.cpp">
			<Option target="kdtree"/>
		</Unit>
		<Unit filename="C:/Users/aurel/Desktop/Cmake_test/FUSE2/lib_kdtree/dataanalysis.h">
			<Option target="kdtree"/>
		</Unit>
		<Unit filename="C:/Users/aurel/Desktop/Cmake_test/FUSE2/lib_kdtree/diffequations.cpp">
			<Option target="kdtree"/>
		</Unit>
		<Unit filename="C:/Users/aurel/Desktop/Cmake_test/FUSE2/lib_kdtree/diffequations.h">
			<Option target="kdtree"/>
		</Unit>
		<Unit filename="C:/Users/aurel/Desktop/Cmake_test/FUSE2/lib_kdtree/fasttransforms.cpp">
			<Option target="kdtree"/>
		</Unit>
		<Unit filename="C:/Users/aurel/Desktop/Cmake_test/FUSE2/lib_kdtree/fasttransforms.h">
			<Option target="kdtree"/>
		</Unit>
		<Unit filename="C:/Users/aurel/Desktop/Cmake_test/FUSE2/lib_kdtree/integration.cpp">
			<Option target="kdtree"/>
		</Unit>
		<Unit filename="C:/Users/aurel/Desktop/Cmake_test/FUSE2/lib_kdtree/integration.h">
			<Option target="kdtree"/>
		</Unit>
		<Unit filename="C:/Users/aurel/Desktop/Cmake_test/FUSE2/lib_kdtree/interpolation.cpp">
			<Option target="kdtree"/>
		</Unit>
		<Unit filename="C:/Users/aurel/Desktop/Cmake_test/FUSE2/lib_kdtree/interpolation.h">
			<Option target="kdtree"/>
		</Unit>
		<Unit filename="C:/Users/aurel/Desktop/Cmake_test/FUSE2/lib_kdtree/linalg.cpp">
			<Option target="kdtree"/>
		</Unit>
		<Unit filename="C:/Users/aurel/Desktop/Cmake_test/FUSE2/lib_kdtree/linalg.h">
			<Option target="kdtree"/>
		</Unit>
		<Unit filename="C:/Users/aurel/Desktop/Cmake_test/FUSE2/lib_kdtree/optimization.cpp">
			<Option target="kdtree"/>
		</Unit>
		<Unit filename="C:/Users/aurel/Desktop/Cmake_test/FUSE2/lib_kdtree/optimization.h">
			<Option target="kdtree"/>
		</Unit>
		<Unit filename="C:/Users/aurel/Desktop/Cmake_test/FUSE2/lib_kdtree/solvers.cpp">
			<Option target="kdtree"/>
		</Unit>
		<Unit filename="C:/Users/aurel/Desktop/Cmake_test/FUSE2/lib_kdtree/solvers.h">
			<Option target="kdtree"/>
		</Unit>
		<Unit filename="C:/Users/aurel/Desktop/Cmake_test/FUSE2/lib_kdtree/specialfunctions.cpp">
			<Option target="kdtree"/>
		</Unit>
		<Unit filename="C:/Users/aurel/Desktop/Cmake_test/FUSE2/lib_kdtree/specialfunctions.h">
			<Option target="kdtree"/>
		</Unit>
		<Unit filename="C:/Users/aurel/Desktop/Cmake_test/FUSE2/lib_kdtree/statistics.cpp">
			<Option target="kdtree"/>
		</Unit>
		<Unit filename="C:/Users/aurel/Desktop/Cmake_test/FUSE2/lib_kdtree/statistics.h">
			<Option target="kdtree"/>
		</Unit>
		<Unit filename="C:/Users/aurel/Desktop/Cmake_test/FUSE2/lib_kdtree/stdafx.h">
			<Option target="kdtree"/>
		</Unit>
		<Unit filename="C:/Users/aurel/Desktop/Cmake_test/FUSE2/CMakeLists.txt">
			<Option virtualFolder="CMake Files\"/>
		</Unit>
		<Unit filename="C:/Users/aurel/Desktop/Cmake_test/FUSE2/lib_kdtree/CMakeLists.txt">
			<Option virtualFolder="CMake Files\lib_kdtree\"/>
		</Unit>
	</Project>
</CodeBlocks_project_file>
